
Microsoft Visual Studio Solution File, Format Version 12.00
# Visual Studio Version 16
VisualStudioVersion = 16.0.31424.327
MinimumVisualStudioVersion = 10.0.40219.1
Project("{FAE04EC0-301F-11D3-BF4B-00C04F79EFBC}") = "IconsTest.UWP", "IconsTest\IconsTest.UWP\IconsTest.UWP.csproj", "{C4BAED99-069B-47C5-B8B5-BFB29E41ADAD}"
EndProject
Project("{FAE04EC0-301F-11D3-BF4B-00C04F79EFBC}") = "IconsTest.Android", "IconsTest\IconsTest.Android\IconsTest.Android.csproj", "{BEBB123A-05FF-4A5A-9AEB-DAAEB13F0206}"
EndProject
Project("{FAE04EC0-301F-11D3-BF4B-00C04F79EFBC}") = "IconsTest.iOS", "IconsTest\IconsTest.iOS\IconsTest.iOS.csproj", "{079128E6-899C-4922-BF09-3EC02D8C13E4}"
EndProject
Project("{FAE04EC0-301F-11D3-BF4B-00C04F79EFBC}") = "IconsTest", "IconsTest\IconsTest\IconsTest.csproj", "{AA962C5A-11D0-4316-BA00-F5CCB7389E19}"
EndProject
Global
	GlobalSection(SolutionConfigurationPlatforms) = preSolution
		Debug|Any CPU = Debug|Any CPU
		Debug|ARM = Debug|ARM
		Debug|iPhone = Debug|iPhone
		Debug|iPhoneSimulator = Debug|iPhoneSimulator
		Debug|x64 = Debug|x64
		Debug|x86 = Debug|x86
		Release|Any CPU = Release|Any CPU
		Release|ARM = Release|ARM
		Release|iPhone = Release|iPhone
		Release|iPhoneSimulator = Release|iPhoneSimulator
		Release|x64 = Release|x64
		Release|x86 = Release|x86
	EndGlobalSection
	GlobalSection(ProjectConfigurationPlatforms) = postSolution
		{C4BAED99-069B-47C5-B8B5-BFB29E41ADAD}.Debug|Any CPU.ActiveCfg = Debug|x86
		{C4BAED99-069B-47C5-B8B5-BFB29E41ADAD}.Debug|Any CPU.Build.0 = Debug|x86
		{C4BAED99-069B-47C5-B8B5-BFB29E41ADAD}.Debug|Any CPU.Deploy.0 = Debug|x86
		{C4BAED99-069B-47C5-B8B5-BFB29E41ADAD}.Debug|ARM.ActiveCfg = Debug|ARM
		{C4BAED99-069B-47C5-B8B5-BFB29E41ADAD}.Debug|ARM.Build.0 = Debug|ARM
		{C4BAED99-069B-47C5-B8B5-BFB29E41ADAD}.Debug|ARM.Deploy.0 = Debug|ARM
		{C4BAED99-069B-47C5-B8B5-BFB29E41ADAD}.Debug|iPhone.ActiveCfg = Debug|x86
		{C4BAED99-069B-47C5-B8B5-BFB29E41ADAD}.Debug|iPhone.Build.0 = Debug|x86
		{C4BAED99-069B-47C5-B8B5-BFB29E41ADAD}.Debug|iPhone.Deploy.0 = Debug|x86
		{C4BAED99-069B-47C5-B8B5-BFB29E41ADAD}.Debug|iPhoneSimulator.ActiveCfg = Debug|x86
		{C4BAED99-069B-47C5-B8B5-BFB29E41ADAD}.Debug|iPhoneSimulator.Build.0 = Debug|x86
		{C4BAED99-069B-47C5-B8B5-BFB29E41ADAD}.Debug|iPhoneSimulator.Deploy.0 = Debug|x86
		{C4BAED99-069B-47C5-B8B5-BFB29E41ADAD}.Debug|x64.ActiveCfg = Debug|x64
		{C4BAED99-069B-47C5-B8B5-BFB29E41ADAD}.Debug|x64.Build.0 = Debug|x64
		{C4BAED99-069B-47C5-B8B5-BFB29E41ADAD}.Debug|x64.Deploy.0 = Debug|x64
		{C4BAED99-069B-47C5-B8B5-BFB29E41ADAD}.Debug|x86.ActiveCfg = Debug|x86
		{C4BAED99-069B-47C5-B8B5-BFB29E41ADAD}.Debug|x86.Build.0 = Debug|x86
		{C4BAED99-069B-47C5-B8B5-BFB29E41ADAD}.Debug|x86.Deploy.0 = Debug|x86
		{C4BAED99-069B-47C5-B8B5-BFB29E41ADAD}.Release|Any CPU.ActiveCfg = Release|x86
		{C4BAED99-069B-47C5-B8B5-BFB29E41ADAD}.Release|Any CPU.Build.0 = Release|x86
		{C4BAED99-069B-47C5-B8B5-BFB29E41ADAD}.Release|Any CPU.Deploy.0 = Release|x86
		{C4BAED99-069B-47C5-B8B5-BFB29E41ADAD}.Release|ARM.ActiveCfg = Release|ARM
		{C4BAED99-069B-47C5-B8B5-BFB29E41ADAD}.Release|ARM.Build.0 = Release|ARM
		{C4BAED99-069B-47C5-B8B5-BFB29E41ADAD}.Release|ARM.Deploy.0 = Release|ARM
		{C4BAED99-069B-47C5-B8B5-BFB29E41ADAD}.Release|iPhone.ActiveCfg = Release|x86
		{C4BAED99-069B-47C5-B8B5-BFB29E41ADAD}.Release|iPhone.Build.0 = Release|x86
		{C4BAED99-069B-47C5-B8B5-BFB29E41ADAD}.Release|iPhone.Deploy.0 = Release|x86
		{C4BAED99-069B-47C5-B8B5-BFB29E41ADAD}.Release|iPhoneSimulator.ActiveCfg = Release|x86
		{C4BAED99-069B-47C5-B8B5-BFB29E41ADAD}.Release|iPhoneSimulator.Build.0 = Release|x86
		{C4BAED99-069B-47C5-B8B5-BFB29E41ADAD}.Release|iPhoneSimulator.Deploy.0 = Release|x86
		{C4BAED99-069B-47C5-B8B5-BFB29E41ADAD}.Release|x64.ActiveCfg = Release|x64
		{C4BAED99-069B-47C5-B8B5-BFB29E41ADAD}.Release|x64.Build.0 = Release|x64
		{C4BAED99-069B-47C5-B8B5-BFB29E41ADAD}.Release|x64.Deploy.0 = Release|x64
		{C4BAED99-069B-47C5-B8B5-BFB29E41ADAD}.Release|x86.ActiveCfg = Release|x86
		{C4BAED99-069B-47C5-B8B5-BFB29E41ADAD}.Release|x86.Build.0 = Release|x86
		{C4BAED99-069B-47C5-B8B5-BFB29E41ADAD}.Release|x86.Deploy.0 = Release|x86
		{BEBB123A-05FF-4A5A-9AEB-DAAEB13F0206}.Debug|Any CPU.ActiveCfg = Debug|Any CPU
		{BEBB123A-05FF-4A5A-9AEB-DAAEB13F0206}.Debug|Any CPU.Build.0 = Debug|Any CPU
		{BEBB123A-05FF-4A5A-9AEB-DAAEB13F0206}.Debug|Any CPU.Deploy.0 = Debug|Any CPU
		{BEBB123A-05FF-4A5A-9AEB-DAAEB13F0206}.Debug|ARM.ActiveCfg = Debug|Any CPU
		{BEBB123A-05FF-4A5A-9AEB-DAAEB13F0206}.Debug|ARM.Build.0 = Debug|Any CPU
		{BEBB123A-05FF-4A5A-9AEB-DAAEB13F0206}.Debug|ARM.Deploy.0 = Debug|Any CPU
		{BEBB123A-05FF-4A5A-9AEB-DAAEB13F0206}.Debug|iPhone.ActiveCfg = Debug|Any CPU
		{BEBB123A-05FF-4A5A-9AEB-DAAEB13F0206}.Debug|iPhone.Build.0 = Debug|Any CPU
		{BEBB123A-05FF-4A5A-9AEB-DAAEB13F0206}.Debug|iPhone.Deploy.0 = Debug|Any CPU
		{BEBB123A-05FF-4A5A-9AEB-DAAEB13F0206}.Debug|iPhoneSimulator.ActiveCfg = Debug|Any CPU
		{BEBB123A-05FF-4A5A-9AEB-DAAEB13F0206}.Debug|iPhoneSimulator.Build.0 = Debug|Any CPU
		{BEBB123A-05FF-4A5A-9AEB-DAAEB13F0206}.Debug|iPhoneSimulator.Deploy.0 = Debug|Any CPU
		{BEBB123A-05FF-4A5A-9AEB-DAAEB13F0206}.Debug|x64.ActiveCfg = Debug|Any CPU
		{BEBB123A-05FF-4A5A-9AEB-DAAEB13F0206}.Debug|x64.Build.0 = Debug|Any CPU
		{BEBB123A-05FF-4A5A-9AEB-DAAEB13F0206}.Debug|x64.Deploy.0 = Debug|Any CPU
		{BEBB123A-05FF-4A5A-9AEB-DAAEB13F0206}.Debug|x86.ActiveCfg = Debug|Any CPU
		{BEBB123A-05FF-4A5A-9AEB-DAAEB13F0206}.Debug|x86.Build.0 = Debug|Any CPU
		{BEBB123A-05FF-4A5A-9AEB-DAAEB13F0206}.Debug|x86.Deploy.0 = Debug|Any CPU
		{BEBB123A-05FF-4A5A-9AEB-DAAEB13F0206}.Release|Any CPU.ActiveCfg = Release|Any CPU
		{BEBB123A-05FF-4A5A-9AEB-DAAEB13F0206}.Release|Any CPU.Build.0 = Release|Any CPU
		{BEBB123A-05FF-4A5A-9AEB-DAAEB13F0206}.Release|Any CPU.Deploy.0 = Release|Any CPU
		{BEBB123A-05FF-4A5A-9AEB-DAAEB13F0206}.Release|ARM.ActiveCfg = Release|Any CPU
		{BEBB123A-05FF-4A5A-9AEB-DAAEB13F0206}.Release|ARM.Build.0 = Release|Any CPU
		{BEBB123A-05FF-4A5A-9AEB-DAAEB13F0206}.Release|ARM.Deploy.0 = Release|Any CPU
		{BEBB123A-05FF-4A5A-9AEB-DAAEB13F0206}.Release|iPhone.ActiveCfg = Release|Any CPU
		{BEBB123A-05FF-4A5A-9AEB-DAAEB13F0206}.Release|iPhone.Build.0 = Release|Any CPU
		{BEBB123A-05FF-4A5A-9AEB-DAAEB13F0206}.Release|iPhone.Deploy.0 = Release|Any CPU
		{BEBB123A-05FF-4A5A-9AEB-DAAEB13F0206}.Release|iPhoneSimulator.ActiveCfg = Release|Any CPU
		{BEBB123A-05FF-4A5A-9AEB-DAAEB13F0206}.Release|iPhoneSimulator.Build.0 = Release|Any CPU
		{BEBB123A-05FF-4A5A-9AEB-DAAEB13F0206}.Release|iPhoneSimulator.Deploy.0 = Release|Any CPU
		{BEBB123A-05FF-4A5A-9AEB-DAAEB13F0206}.Release|x64.ActiveCfg = Release|Any CPU
		{BEBB123A-05FF-4A5A-9AEB-DAAEB13F0206}.Release|x64.Build.0 = Release|Any CPU
		{BEBB123A-05FF-4A5A-9AEB-DAAEB13F0206}.Release|x64.Deploy.0 = Release|Any CPU
		{BEBB123A-05FF-4A5A-9AEB-DAAEB13F0206}.Release|x86.ActiveCfg = Release|Any CPU
		{BEBB123A-05FF-4A5A-9AEB-DAAEB13F0206}.Release|x86.Build.0 = Release|Any CPU
		{BEBB123A-05FF-4A5A-9AEB-DAAEB13F0206}.Release|x86.Deploy.0 = Release|Any CPU
		{079128E6-899C-4922-BF09-3EC02D8C13E4}.Debug|Any CPU.ActiveCfg = Debug|iPhoneSimulator
		{079128E6-899C-4922-BF09-3EC02D8C13E4}.Debug|Any CPU.Build.0 = Debug|iPhoneSimulator
		{079128E6-899C-4922-BF09-3EC02D8C13E4}.Debug|Any CPU.Deploy.0 = Debug|iPhoneSimulator
		{079128E6-899C-4922-BF09-3EC02D8C13E4}.Debug|ARM.ActiveCfg = Debug|iPhone
		{079128E6-899C-4922-BF09-3EC02D8C13E4}.Debug|ARM.Build.0 = Debug|iPhone
		{079128E6-899C-4922-BF09-3EC02D8C13E4}.Debug|ARM.Deploy.0 = Debug|iPhone
		{079128E6-899C-4922-BF09-3EC02D8C13E4}.Debug|iPhone.ActiveCfg = Debug|iPhone
		{079128E6-899C-4922-BF09-3EC02D8C13E4}.Debug|iPhone.Build.0 = Debug|iPhone
		{079128E6-899C-4922-BF09-3EC02D8C13E4}.Debug|iPhone.Deploy.0 = Debug|iPhone
		{079128E6-899C-4922-BF09-3EC02D8C13E4}.Debug|iPhoneSimulator.ActiveCfg = Debug|iPhoneSimulator
		{079128E6-899C-4922-BF09-3EC02D8C13E4}.Debug|iPhoneSimulator.Build.0 = Debug|iPhoneSimulator
		{079128E6-899C-4922-BF09-3EC02D8C13E4}.Debug|iPhoneSimulator.Deploy.0 = Debug|iPhoneSimulator
		{079128E6-899C-4922-BF09-3EC02D8C13E4}.Debug|x64.ActiveCfg = Debug|iPhoneSimulator
		{079128E6-899C-4922-BF09-3EC02D8C13E4}.Debug|x64.Build.0 = Debug|iPhoneSimulator
		{079128E6-899C-4922-BF09-3EC02D8C13E4}.Debug|x64.Deploy.0 = Debug|iPhoneSimulator
		{079128E6-899C-4922-BF09-3EC02D8C13E4}.Debug|x86.ActiveCfg = Debug|iPhoneSimulator
		{079128E6-899C-4922-BF09-3EC02D8C13E4}.Debug|x86.Build.0 = Debug|iPhoneSimulator
		{079128E6-899C-4922-BF09-3EC02D8C13E4}.Debug|x86.Deploy.0 = Debug|iPhoneSimulator
		{079128E6-899C-4922-BF09-3EC02D8C13E4}.Release|Any CPU.ActiveCfg = Release|iPhoneSimulator
		{079128E6-899C-4922-BF09-3EC02D8C13E4}.Release|Any CPU.Build.0 = Release|iPhoneSimulator
		{079128E6-899C-4922-BF09-3EC02D8C13E4}.Release|Any CPU.Deploy.0 = Release|iPhoneSimulator
		{079128E6-899C-4922-BF09-3EC02D8C13E4}.Release|ARM.ActiveCfg = Release|iPhoneSimulator
		{079128E6-899C-4922-BF09-3EC02D8C13E4}.Release|ARM.Build.0 = Release|iPhoneSimulator
		{079128E6-899C-4922-BF09-3EC02D8C13E4}.Release|ARM.Deploy.0 = Release|iPhoneSimulator
		{079128E6-899C-4922-BF09-3EC02D8C13E4}.Release|iPhone.ActiveCfg = Release|iPhone
		{079128E6-899C-4922-BF09-3EC02D8C13E4}.Release|iPhone.Build.0 = Release|iPhone
		{079128E6-899C-4922-BF09-3EC02D8C13E4}.Release|iPhone.Deploy.0 = Release|iPhone
		{079128E6-899C-4922-BF09-3EC02D8C13E4}.Release|iPhoneSimulator.ActiveCfg = Release|iPhoneSimulator
		{079128E6-899C-4922-BF09-3EC02D8C13E4}.Release|iPhoneSimulator.Build.0 = Release|iPhoneSimulator
		{079128E6-899C-4922-BF09-3EC02D8C13E4}.Release|iPhoneSimulator.Deploy.0 = Release|iPhoneSimulator
		{079128E6-899C-4922-BF09-3EC02D8C13E4}.Release|x64.ActiveCfg = Release|iPhoneSimulator
		{079128E6-899C-4922-BF09-3EC02D8C13E4}.Release|x64.Build.0 = Release|iPhoneSimulator
		{079128E6-899C-4922-BF09-3EC02D8C13E4}.Release|x64.Deploy.0 = Release|iPhoneSimulator
		{079128E6-899C-4922-BF09-3EC02D8C13E4}.Release|x86.ActiveCfg = Release|iPhoneSimulator
		{079128E6-899C-4922-BF09-3EC02D8C13E4}.Release|x86.Build.0 = Release|iPhoneSimulator
		{079128E6-899C-4922-BF09-3EC02D8C13E4}.Release|x86.Deploy.0 = Release|iPhoneSimulator
		{AA962C5A-11D0-4316-BA00-F5CCB7389E19}.Debug|Any CPU.ActiveCfg = Debug|Any CPU
		{AA962C5A-11D0-4316-BA00-F5CCB7389E19}.Debug|Any CPU.Build.0 = Debug|Any CPU
		{AA962C5A-11D0-4316-BA00-F5CCB7389E19}.Debug|Any CPU.Deploy.0 = Debug|Any CPU
		{AA962C5A-11D0-4316-BA00-F5CCB7389E19}.Debug|ARM.ActiveCfg = Debug|Any CPU
		{AA962C5A-11D0-4316-BA00-F5CCB7389E19}.Debug|ARM.Build.0 = Debug|Any CPU
		{AA962C5A-11D0-4316-BA00-F5CCB7389E19}.Debug|ARM.Deploy.0 = Debug|Any CPU
		{AA962C5A-11D0-4316-BA00-F5CCB7389E19}.Debug|iPhone.ActiveCfg = Debug|Any CPU
		{AA962C5A-11D0-4316-BA00-F5CCB7389E19}.Debug|iPhone.Build.0 = Debug|Any CPU
		{AA962C5A-11D0-4316-BA00-F5CCB7389E19}.Debug|iPhone.Deploy.0 = Debug|Any CPU
		{AA962C5A-11D0-4316-BA00-F5CCB7389E19}.Debug|iPhoneSimulator.ActiveCfg = Debug|Any CPU
		{AA962C5A-11D0-4316-BA00-F5CCB7389E19}.Debug|iPhoneSimulator.Build.0 = Debug|Any CPU
		{AA962C5A-11D0-4316-BA00-F5CCB7389E19}.Debug|iPhoneSimulator.Deploy.0 = Debug|Any CPU
		{AA962C5A-11D0-4316-BA00-F5CCB7389E19}.Debug|x64.ActiveCfg = Debug|Any CPU
		{AA962C5A-11D0-4316-BA00-F5CCB7389E19}.Debug|x64.Build.0 = Debug|Any CPU
		{AA962C5A-11D0-4316-BA00-F5CCB7389E19}.Debug|x64.Deploy.0 = Debug|Any CPU
		{AA962C5A-11D0-4316-BA00-F5CCB7389E19}.Debug|x86.ActiveCfg = Debug|Any CPU
		{AA962C5A-11D0-4316-BA00-F5CCB7389E19}.Debug|x86.Build.0 = Debug|Any CPU
		{AA962C5A-11D0-4316-BA00-F5CCB7389E19}.Debug|x86.Deploy.0 = Debug|Any CPU
		{AA962C5A-11D0-4316-BA00-F5CCB7389E19}.Release|Any CPU.ActiveCfg = Release|Any CPU
		{AA962C5A-11D0-4316-BA00-F5CCB7389E19}.Release|Any CPU.Build.0 = Release|Any CPU
		{AA962C5A-11D0-4316-BA00-F5CCB7389E19}.Release|Any CPU.Deploy.0 = Release|Any CPU
		{AA962C5A-11D0-4316-BA00-F5CCB7389E19}.Release|ARM.ActiveCfg = Release|Any CPU
		{AA962C5A-11D0-4316-BA00-F5CCB7389E19}.Release|ARM.Build.0 = Release|Any CPU
		{AA962C5A-11D0-4316-BA00-F5CCB7389E19}.Release|ARM.Deploy.0 = Release|Any CPU
		{AA962C5A-11D0-4316-BA00-F5CCB7389E19}.Release|iPhone.ActiveCfg = Release|Any CPU
		{AA962C5A-11D0-4316-BA00-F5CCB7389E19}.Release|iPhone.Build.0 = Release|Any CPU
		{AA962C5A-11D0-4316-BA00-F5CCB7389E19}.Release|iPhone.Deploy.0 = Release|Any CPU
		{AA962C5A-11D0-4316-BA00-F5CCB7389E19}.Release|iPhoneSimulator.ActiveCfg = Release|Any CPU
		{AA962C5A-11D0-4316-BA00-F5CCB7389E19}.Release|iPhoneSimulator.Build.0 = Release|Any CPU
		{AA962C5A-11D0-4316-BA00-F5CCB7389E19}.Release|iPhoneSimulator.Deploy.0 = Release|Any CPU
		{AA962C5A-11D0-4316-BA00-F5CCB7389E19}.Release|x64.ActiveCfg = Release|Any CPU
		{AA962C5A-11D0-4316-BA00-F5CCB7389E19}.Release|x64.Build.0 = Release|Any CPU
		{AA962C5A-11D0-4316-BA00-F5CCB7389E19}.Release|x64.Deploy.0 = Release|Any CPU
		{AA962C5A-11D0-4316-BA00-F5CCB7389E19}.Release|x86.ActiveCfg = Release|Any CPU
		{AA962C5A-11D0-4316-BA00-F5CCB7389E19}.Release|x86.Build.0 = Release|Any CPU
		{AA962C5A-11D0-4316-BA00-F5CCB7389E19}.Release|x86.Deploy.0 = Release|Any CPU
	EndGlobalSection
	GlobalSection(SolutionProperties) = preSolution
		HideSolutionNode = FALSE
	EndGlobalSection
	GlobalSection(ExtensibilityGlobals) = postSolution
		SolutionGuid = {3EF54AAD-AE6B-410D-A8B5-4478EB7B5065}
	EndGlobalSection
EndGlobal
